
Microsoft Visual Studio Solution File, Format Version 12.00
# Visual Studio 2013
VisualStudioVersion = 12.0.31101.0
MinimumVisualStudioVersion = 10.0.40219.1
Project("{FAE04EC0-301F-11D3-BF4B-00C04F79EFBC}") = "SonicBGScrollSaver", "SonicBGScrollSaver\SonicBGScrollSaver.csproj", "{299A269C-28FE-4A88-AD98-1598973CF327}"
EndProject
Project("{FAE04EC0-301F-11D3-BF4B-00C04F79EFBC}") = "S2HPZ", "S2HPZ\S2HPZ.csproj", "{669DC177-624D-4078-B354-64FE519D5D43}"
EndProject
Project("{FAE04EC0-301F-11D3-BF4B-00C04F79EFBC}") = "LZ", "LZ\LZ.csproj", "{9D1837F1-E1B1-40B1-86ED-D7A724AF9626}"
EndProject
Project("{FAE04EC0-301F-11D3-BF4B-00C04F79EFBC}") = "EHZ", "EHZ\EHZ.csproj", "{1003123A-87FC-4CBD-BBD4-387A075B548F}"
EndProject
Project("{FAE04EC0-301F-11D3-BF4B-00C04F79EFBC}") = "Generic", "Generic\Generic.csproj", "{BE793436-1C11-4DB0-A889-AB4F600F8B69}"
EndProject
Project("{FAE04EC0-301F-11D3-BF4B-00C04F79EFBC}") = "S2DEZ", "S2DEZ\S2DEZ.csproj", "{C5B76E05-4B64-4B7C-ACB1-01A179CF153A}"
EndProject
Project("{FAE04EC0-301F-11D3-BF4B-00C04F79EFBC}") = "MHZ", "MHZ\MHZ.csproj", "{FF742C75-500D-44B5-BB6F-F1E6FC58561E}"
EndProject
Project("{FAE04EC0-301F-11D3-BF4B-00C04F79EFBC}") = "S2CNZ", "S2CNZ\S2CNZ.csproj", "{1D2CDF96-BD59-4887-91FE-0EC25B67A3A6}"
EndProject
Global
	GlobalSection(SolutionConfigurationPlatforms) = preSolution
		Debug|Any CPU = Debug|Any CPU
		Release|Any CPU = Release|Any CPU
	EndGlobalSection
	GlobalSection(ProjectConfigurationPlatforms) = postSolution
		{299A269C-28FE-4A88-AD98-1598973CF327}.Debug|Any CPU.ActiveCfg = Debug|Any CPU
		{299A269C-28FE-4A88-AD98-1598973CF327}.Debug|Any CPU.Build.0 = Debug|Any CPU
		{299A269C-28FE-4A88-AD98-1598973CF327}.Release|Any CPU.ActiveCfg = Release|Any CPU
		{299A269C-28FE-4A88-AD98-1598973CF327}.Release|Any CPU.Build.0 = Release|Any CPU
		{669DC177-624D-4078-B354-64FE519D5D43}.Debug|Any CPU.ActiveCfg = Debug|Any CPU
		{669DC177-624D-4078-B354-64FE519D5D43}.Debug|Any CPU.Build.0 = Debug|Any CPU
		{669DC177-624D-4078-B354-64FE519D5D43}.Release|Any CPU.ActiveCfg = Release|Any CPU
		{669DC177-624D-4078-B354-64FE519D5D43}.Release|Any CPU.Build.0 = Release|Any CPU
		{9D1837F1-E1B1-40B1-86ED-D7A724AF9626}.Debug|Any CPU.ActiveCfg = Debug|Any CPU
		{9D1837F1-E1B1-40B1-86ED-D7A724AF9626}.Debug|Any CPU.Build.0 = Debug|Any CPU
		{9D1837F1-E1B1-40B1-86ED-D7A724AF9626}.Release|Any CPU.ActiveCfg = Release|Any CPU
		{9D1837F1-E1B1-40B1-86ED-D7A724AF9626}.Release|Any CPU.Build.0 = Release|Any CPU
		{1003123A-87FC-4CBD-BBD4-387A075B548F}.Debug|Any CPU.ActiveCfg = Debug|Any CPU
		{1003123A-87FC-4CBD-BBD4-387A075B548F}.Debug|Any CPU.Build.0 = Debug|Any CPU
		{1003123A-87FC-4CBD-BBD4-387A075B548F}.Release|Any CPU.ActiveCfg = Release|Any CPU
		{1003123A-87FC-4CBD-BBD4-387A075B548F}.Release|Any CPU.Build.0 = Release|Any CPU
		{BE793436-1C11-4DB0-A889-AB4F600F8B69}.Debug|Any CPU.ActiveCfg = Debug|Any CPU
		{BE793436-1C11-4DB0-A889-AB4F600F8B69}.Debug|Any CPU.Build.0 = Debug|Any CPU
		{BE793436-1C11-4DB0-A889-AB4F600F8B69}.Release|Any CPU.ActiveCfg = Release|Any CPU
		{BE793436-1C11-4DB0-A889-AB4F600F8B69}.Release|Any CPU.Build.0 = Release|Any CPU
		{C5B76E05-4B64-4B7C-ACB1-01A179CF153A}.Debug|Any CPU.ActiveCfg = Debug|Any CPU
		{C5B76E05-4B64-4B7C-ACB1-01A179CF153A}.Debug|Any CPU.Build.0 = Debug|Any CPU
		{C5B76E05-4B64-4B7C-ACB1-01A179CF153A}.Release|Any CPU.ActiveCfg = Release|Any CPU
		{C5B76E05-4B64-4B7C-ACB1-01A179CF153A}.Release|Any CPU.Build.0 = Release|Any CPU
		{FF742C75-500D-44B5-BB6F-F1E6FC58561E}.Debug|Any CPU.ActiveCfg = Debug|Any CPU
		{FF742C75-500D-44B5-BB6F-F1E6FC58561E}.Debug|Any CPU.Build.0 = Debug|Any CPU
		{FF742C75-500D-44B5-BB6F-F1E6FC58561E}.Release|Any CPU.ActiveCfg = Release|Any CPU
		{FF742C75-500D-44B5-BB6F-F1E6FC58561E}.Release|Any CPU.Build.0 = Release|Any CPU
		{1D2CDF96-BD59-4887-91FE-0EC25B67A3A6}.Debug|Any CPU.ActiveCfg = Debug|Any CPU
		{1D2CDF96-BD59-4887-91FE-0EC25B67A3A6}.Debug|Any CPU.Build.0 = Debug|Any CPU
		{1D2CDF96-BD59-4887-91FE-0EC25B67A3A6}.Release|Any CPU.ActiveCfg = Release|Any CPU
		{1D2CDF96-BD59-4887-91FE-0EC25B67A3A6}.Release|Any CPU.Build.0 = Release|Any CPU
	EndGlobalSection
	GlobalSection(SolutionProperties) = preSolution
		HideSolutionNode = FALSE
	EndGlobalSection
EndGlobal
