
Microsoft Visual Studio Solution File, Format Version 12.00
# Visual Studio 2013
VisualStudioVersion = 12.0.31101.0
MinimumVisualStudioVersion = 10.0.40219.1
Project("{FAE04EC0-301F-11D3-BF4B-00C04F79EFBC}") = "SonicBGScrollSaver", "SonicBGScrollSaver\SonicBGScrollSaver.csproj", "{299A269C-28FE-4A88-AD98-1598973CF327}"
EndProject
Project("{FAE04EC0-301F-11D3-BF4B-00C04F79EFBC}") = "S2HPZ", "S2HPZ\S2HPZ.csproj", "{669DC177-624D-4078-B354-64FE519D5D43}"
EndProject
Project("{FAE04EC0-301F-11D3-BF4B-00C04F79EFBC}") = "LZ", "LZ\LZ.csproj", "{9D1837F1-E1B1-40B1-86ED-D7A724AF9626}"
EndProject
Project("{FAE04EC0-301F-11D3-BF4B-00C04F79EFBC}") = "EHZ", "EHZ\EHZ.csproj", "{1003123A-87FC-4CBD-BBD4-387A075B548F}"
EndProject
Global
	GlobalSection(SolutionConfigurationPlatforms) = preSolution
		Debug|Any CPU = Debug|Any CPU
		Debug|Mixed Platforms = Debug|Mixed Platforms
		Debug|x86 = Debug|x86
		Release|Any CPU = Release|Any CPU
		Release|Mixed Platforms = Release|Mixed Platforms
		Release|x86 = Release|x86
	EndGlobalSection
	GlobalSection(ProjectConfigurationPlatforms) = postSolution
		{299A269C-28FE-4A88-AD98-1598973CF327}.Debug|Any CPU.ActiveCfg = Debug|x86
		{299A269C-28FE-4A88-AD98-1598973CF327}.Debug|Mixed Platforms.ActiveCfg = Debug|x86
		{299A269C-28FE-4A88-AD98-1598973CF327}.Debug|Mixed Platforms.Build.0 = Debug|x86
		{299A269C-28FE-4A88-AD98-1598973CF327}.Debug|x86.ActiveCfg = Debug|x86
		{299A269C-28FE-4A88-AD98-1598973CF327}.Debug|x86.Build.0 = Debug|x86
		{299A269C-28FE-4A88-AD98-1598973CF327}.Release|Any CPU.ActiveCfg = Release|x86
		{299A269C-28FE-4A88-AD98-1598973CF327}.Release|Mixed Platforms.ActiveCfg = Release|x86
		{299A269C-28FE-4A88-AD98-1598973CF327}.Release|Mixed Platforms.Build.0 = Release|x86
		{299A269C-28FE-4A88-AD98-1598973CF327}.Release|x86.ActiveCfg = Release|x86
		{299A269C-28FE-4A88-AD98-1598973CF327}.Release|x86.Build.0 = Release|x86
		{669DC177-624D-4078-B354-64FE519D5D43}.Debug|Any CPU.ActiveCfg = Debug|x86
		{669DC177-624D-4078-B354-64FE519D5D43}.Debug|Mixed Platforms.ActiveCfg = Debug|x86
		{669DC177-624D-4078-B354-64FE519D5D43}.Debug|Mixed Platforms.Build.0 = Debug|x86
		{669DC177-624D-4078-B354-64FE519D5D43}.Debug|x86.ActiveCfg = Debug|x86
		{669DC177-624D-4078-B354-64FE519D5D43}.Debug|x86.Build.0 = Debug|x86
		{669DC177-624D-4078-B354-64FE519D5D43}.Release|Any CPU.ActiveCfg = Release|x86
		{669DC177-624D-4078-B354-64FE519D5D43}.Release|Mixed Platforms.ActiveCfg = Release|x86
		{669DC177-624D-4078-B354-64FE519D5D43}.Release|Mixed Platforms.Build.0 = Release|x86
		{669DC177-624D-4078-B354-64FE519D5D43}.Release|x86.ActiveCfg = Release|x86
		{669DC177-624D-4078-B354-64FE519D5D43}.Release|x86.Build.0 = Release|x86
		{9D1837F1-E1B1-40B1-86ED-D7A724AF9626}.Debug|Any CPU.ActiveCfg = Debug|x86
		{9D1837F1-E1B1-40B1-86ED-D7A724AF9626}.Debug|Mixed Platforms.ActiveCfg = Debug|x86
		{9D1837F1-E1B1-40B1-86ED-D7A724AF9626}.Debug|Mixed Platforms.Build.0 = Debug|x86
		{9D1837F1-E1B1-40B1-86ED-D7A724AF9626}.Debug|x86.ActiveCfg = Debug|x86
		{9D1837F1-E1B1-40B1-86ED-D7A724AF9626}.Debug|x86.Build.0 = Debug|x86
		{9D1837F1-E1B1-40B1-86ED-D7A724AF9626}.Release|Any CPU.ActiveCfg = Release|x86
		{9D1837F1-E1B1-40B1-86ED-D7A724AF9626}.Release|Mixed Platforms.ActiveCfg = Release|x86
		{9D1837F1-E1B1-40B1-86ED-D7A724AF9626}.Release|Mixed Platforms.Build.0 = Release|x86
		{9D1837F1-E1B1-40B1-86ED-D7A724AF9626}.Release|x86.ActiveCfg = Release|x86
		{9D1837F1-E1B1-40B1-86ED-D7A724AF9626}.Release|x86.Build.0 = Release|x86
		{1003123A-87FC-4CBD-BBD4-387A075B548F}.Debug|Any CPU.ActiveCfg = Debug|Any CPU
		{1003123A-87FC-4CBD-BBD4-387A075B548F}.Debug|Any CPU.Build.0 = Debug|Any CPU
		{1003123A-87FC-4CBD-BBD4-387A075B548F}.Debug|Mixed Platforms.ActiveCfg = Debug|Any CPU
		{1003123A-87FC-4CBD-BBD4-387A075B548F}.Debug|Mixed Platforms.Build.0 = Debug|Any CPU
		{1003123A-87FC-4CBD-BBD4-387A075B548F}.Debug|x86.ActiveCfg = Debug|Any CPU
		{1003123A-87FC-4CBD-BBD4-387A075B548F}.Release|Any CPU.ActiveCfg = Release|Any CPU
		{1003123A-87FC-4CBD-BBD4-387A075B548F}.Release|Any CPU.Build.0 = Release|Any CPU
		{1003123A-87FC-4CBD-BBD4-387A075B548F}.Release|Mixed Platforms.ActiveCfg = Release|Any CPU
		{1003123A-87FC-4CBD-BBD4-387A075B548F}.Release|Mixed Platforms.Build.0 = Release|Any CPU
		{1003123A-87FC-4CBD-BBD4-387A075B548F}.Release|x86.ActiveCfg = Release|Any CPU
	EndGlobalSection
	GlobalSection(SolutionProperties) = preSolution
		HideSolutionNode = FALSE
	EndGlobalSection
EndGlobal
