
Microsoft Visual Studio Solution File, Format Version 12.00
# Visual Studio 2013
VisualStudioVersion = 12.0.31101.0
MinimumVisualStudioVersion = 10.0.40219.1
Project("{FAE04EC0-301F-11D3-BF4B-00C04F79EFBC}") = "SonicBGScrollSaver", "SonicBGScrollSaver\SonicBGScrollSaver.csproj", "{299A269C-28FE-4A88-AD98-1598973CF327}"
EndProject
Project("{FAE04EC0-301F-11D3-BF4B-00C04F79EFBC}") = "S2HPZ", "S2HPZ\S2HPZ.csproj", "{669DC177-624D-4078-B354-64FE519D5D43}"
EndProject
Global
	GlobalSection(SolutionConfigurationPlatforms) = preSolution
		Debug|x86 = Debug|x86
		Release|x86 = Release|x86
	EndGlobalSection
	GlobalSection(ProjectConfigurationPlatforms) = postSolution
		{299A269C-28FE-4A88-AD98-1598973CF327}.Debug|x86.ActiveCfg = Debug|x86
		{299A269C-28FE-4A88-AD98-1598973CF327}.Debug|x86.Build.0 = Debug|x86
		{299A269C-28FE-4A88-AD98-1598973CF327}.Release|x86.ActiveCfg = Release|x86
		{299A269C-28FE-4A88-AD98-1598973CF327}.Release|x86.Build.0 = Release|x86
		{669DC177-624D-4078-B354-64FE519D5D43}.Debug|x86.ActiveCfg = Debug|x86
		{669DC177-624D-4078-B354-64FE519D5D43}.Debug|x86.Build.0 = Debug|x86
		{669DC177-624D-4078-B354-64FE519D5D43}.Release|x86.ActiveCfg = Release|x86
		{669DC177-624D-4078-B354-64FE519D5D43}.Release|x86.Build.0 = Release|x86
	EndGlobalSection
	GlobalSection(SolutionProperties) = preSolution
		HideSolutionNode = FALSE
	EndGlobalSection
EndGlobal
